// !$*UTF8*$!
{
	archiveVersion = 1;
	classes = {
	};
	objectVersion = 56;
	objects = {

/* Begin PBXBuildFile section */
		3B719E4328D6460400EC6E87 /* AppDelegate.swift in Sources */ = {isa = PBXBuildFile; fileRef = 3B719E4228D6460400EC6E87 /* AppDelegate.swift */; };
		3B719E4528D6460400EC6E87 /* SceneDelegate.swift in Sources */ = {isa = PBXBuildFile; fileRef = 3B719E4428D6460400EC6E87 /* SceneDelegate.swift */; };
		3B719E4828D6460400EC6E87 /* LaunchScreen.storyboard in Resources */ = {isa = PBXBuildFile; fileRef = 3B719E4628D6460400EC6E87 /* LaunchScreen.storyboard */; };
		3B719E4B28D6460400EC6E87 /* Main.storyboard in Resources */ = {isa = PBXBuildFile; fileRef = 3B719E4928D6460400EC6E87 /* Main.storyboard */; };
		3B719E5428D6460400EC6E87 /* AppDelegate.swift in Sources */ = {isa = PBXBuildFile; fileRef = 3B719E5328D6460400EC6E87 /* AppDelegate.swift */; };
		3B719E5728D6460400EC6E87 /* Main.storyboard in Resources */ = {isa = PBXBuildFile; fileRef = 3B719E5528D6460400EC6E87 /* Main.storyboard */; };
		3B719E5F28D6460400EC6E87 /* Youtube Right Click search Extension.appex in Embed Foundation Extensions */ = {isa = PBXBuildFile; fileRef = 3B719E5E28D6460400EC6E87 /* Youtube Right Click search Extension.appex */; settings = {ATTRIBUTES = (RemoveHeadersOnCopy, ); }; };
		3B719E6928D6460400EC6E87 /* Youtube Right Click search Extension.appex in Embed Foundation Extensions */ = {isa = PBXBuildFile; fileRef = 3B719E6828D6460400EC6E87 /* Youtube Right Click search Extension.appex */; settings = {ATTRIBUTES = (RemoveHeadersOnCopy, ); }; };
		3B719E6F28D6460400EC6E87 /* Main.html in Resources */ = {isa = PBXBuildFile; fileRef = 3B719E3228D6460300EC6E87 /* Main.html */; };
		3B719E7028D6460400EC6E87 /* Main.html in Resources */ = {isa = PBXBuildFile; fileRef = 3B719E3228D6460300EC6E87 /* Main.html */; };
		3B719E7128D6460400EC6E87 /* Icon.png in Resources */ = {isa = PBXBuildFile; fileRef = 3B719E3428D6460300EC6E87 /* Icon.png */; };
		3B719E7228D6460400EC6E87 /* Icon.png in Resources */ = {isa = PBXBuildFile; fileRef = 3B719E3428D6460300EC6E87 /* Icon.png */; };
		3B719E7328D6460400EC6E87 /* Style.css in Resources */ = {isa = PBXBuildFile; fileRef = 3B719E3528D6460300EC6E87 /* Style.css */; };
		3B719E7428D6460400EC6E87 /* Style.css in Resources */ = {isa = PBXBuildFile; fileRef = 3B719E3528D6460300EC6E87 /* Style.css */; };
		3B719E7528D6460400EC6E87 /* Script.js in Resources */ = {isa = PBXBuildFile; fileRef = 3B719E3628D6460300EC6E87 /* Script.js */; };
		3B719E7628D6460400EC6E87 /* Script.js in Resources */ = {isa = PBXBuildFile; fileRef = 3B719E3628D6460300EC6E87 /* Script.js */; };
		3B719E7728D6460400EC6E87 /* ViewController.swift in Sources */ = {isa = PBXBuildFile; fileRef = 3B719E3728D6460300EC6E87 /* ViewController.swift */; };
		3B719E7828D6460400EC6E87 /* ViewController.swift in Sources */ = {isa = PBXBuildFile; fileRef = 3B719E3728D6460300EC6E87 /* ViewController.swift */; };
		3B719E7928D6460400EC6E87 /* Assets.xcassets in Resources */ = {isa = PBXBuildFile; fileRef = 3B719E3828D6460400EC6E87 /* Assets.xcassets */; };
		3B719E7A28D6460400EC6E87 /* Assets.xcassets in Resources */ = {isa = PBXBuildFile; fileRef = 3B719E3828D6460400EC6E87 /* Assets.xcassets */; };
		3B719E7B28D6460400EC6E87 /* SafariWebExtensionHandler.swift in Sources */ = {isa = PBXBuildFile; fileRef = 3B719E3A28D6460400EC6E87 /* SafariWebExtensionHandler.swift */; };
		3B719E7C28D6460400EC6E87 /* SafariWebExtensionHandler.swift in Sources */ = {isa = PBXBuildFile; fileRef = 3B719E3A28D6460400EC6E87 /* SafariWebExtensionHandler.swift */; };
		3B719E9428D6460400EC6E87 /* jsconfig.json in Resources */ = {isa = PBXBuildFile; fileRef = 3B719E8E28D6460400EC6E87 /* jsconfig.json */; };
		3B719E9528D6460400EC6E87 /* popup in Resources */ = {isa = PBXBuildFile; fileRef = 3B719E8F28D6460400EC6E87 /* popup */; };
		3B719E9628D6460400EC6E87 /* background.js in Resources */ = {isa = PBXBuildFile; fileRef = 3B719E9028D6460400EC6E87 /* background.js */; };
		3B719E9728D6460400EC6E87 /* images in Resources */ = {isa = PBXBuildFile; fileRef = 3B719E9128D6460400EC6E87 /* images */; };
		3B719E9828D6460400EC6E87 /* icons in Resources */ = {isa = PBXBuildFile; fileRef = 3B719E9228D6460400EC6E87 /* icons */; };
		3B719E9928D6460400EC6E87 /* manifest.json in Resources */ = {isa = PBXBuildFile; fileRef = 3B719E9328D6460400EC6E87 /* manifest.json */; };
		3B719E9A28D6460400EC6E87 /* jsconfig.json in Resources */ = {isa = PBXBuildFile; fileRef = 3B719E8E28D6460400EC6E87 /* jsconfig.json */; };
		3B719E9B28D6460400EC6E87 /* popup in Resources */ = {isa = PBXBuildFile; fileRef = 3B719E8F28D6460400EC6E87 /* popup */; };
		3B719E9C28D6460400EC6E87 /* background.js in Resources */ = {isa = PBXBuildFile; fileRef = 3B719E9028D6460400EC6E87 /* background.js */; };
		3B719E9D28D6460400EC6E87 /* images in Resources */ = {isa = PBXBuildFile; fileRef = 3B719E9128D6460400EC6E87 /* images */; };
		3B719E9E28D6460400EC6E87 /* icons in Resources */ = {isa = PBXBuildFile; fileRef = 3B719E9228D6460400EC6E87 /* icons */; };
		3B719E9F28D6460400EC6E87 /* manifest.json in Resources */ = {isa = PBXBuildFile; fileRef = 3B719E9328D6460400EC6E87 /* manifest.json */; };
/* End PBXBuildFile section */

/* Begin PBXContainerItemProxy section */
		3B719E6028D6460400EC6E87 /* PBXContainerItemProxy */ = {
			isa = PBXContainerItemProxy;
			containerPortal = 3B719E2C28D6460300EC6E87 /* Project object */;
			proxyType = 1;
			remoteGlobalIDString = 3B719E5D28D6460400EC6E87;
			remoteInfo = "Youtube Right Click search Extension (iOS)";
		};
		3B719E6A28D6460400EC6E87 /* PBXContainerItemProxy */ = {
			isa = PBXContainerItemProxy;
			containerPortal = 3B719E2C28D6460300EC6E87 /* Project object */;
			proxyType = 1;
			remoteGlobalIDString = 3B719E6728D6460400EC6E87;
			remoteInfo = "Youtube Right Click search Extension (macOS)";
		};
/* End PBXContainerItemProxy section */

/* Begin PBXCopyFilesBuildPhase section */
		3B719E8228D6460400EC6E87 /* Embed Foundation Extensions */ = {
			isa = PBXCopyFilesBuildPhase;
			buildActionMask = 2147483647;
			dstPath = "";
			dstSubfolderSpec = 13;
			files = (
				3B719E5F28D6460400EC6E87 /* Youtube Right Click search Extension.appex in Embed Foundation Extensions */,
			);
			name = "Embed Foundation Extensions";
			runOnlyForDeploymentPostprocessing = 0;
		};
		3B719E8928D6460400EC6E87 /* Embed Foundation Extensions */ = {
			isa = PBXCopyFilesBuildPhase;
			buildActionMask = 2147483647;
			dstPath = "";
			dstSubfolderSpec = 13;
			files = (
				3B719E6928D6460400EC6E87 /* Youtube Right Click search Extension.appex in Embed Foundation Extensions */,
			);
			name = "Embed Foundation Extensions";
			runOnlyForDeploymentPostprocessing = 0;
		};
/* End PBXCopyFilesBuildPhase section */

/* Begin PBXFileReference section */
		3B719E3328D6460300EC6E87 /* Base */ = {isa = PBXFileReference; lastKnownFileType = text.html; name = Base; path = ../Base.lproj/Main.html; sourceTree = "<group>"; };
		3B719E3428D6460300EC6E87 /* Icon.png */ = {isa = PBXFileReference; lastKnownFileType = image.png; path = Icon.png; sourceTree = "<group>"; };
		3B719E3528D6460300EC6E87 /* Style.css */ = {isa = PBXFileReference; lastKnownFileType = text.css; path = Style.css; sourceTree = "<group>"; };
		3B719E3628D6460300EC6E87 /* Script.js */ = {isa = PBXFileReference; lastKnownFileType = sourcecode.javascript; path = Script.js; sourceTree = "<group>"; };
		3B719E3728D6460300EC6E87 /* ViewController.swift */ = {isa = PBXFileReference; lastKnownFileType = sourcecode.swift; path = ViewController.swift; sourceTree = "<group>"; };
		3B719E3828D6460400EC6E87 /* Assets.xcassets */ = {isa = PBXFileReference; lastKnownFileType = folder.assetcatalog; path = Assets.xcassets; sourceTree = "<group>"; };
		3B719E3A28D6460400EC6E87 /* SafariWebExtensionHandler.swift */ = {isa = PBXFileReference; lastKnownFileType = sourcecode.swift; path = SafariWebExtensionHandler.swift; sourceTree = "<group>"; };
		3B719E3F28D6460400EC6E87 /* Youtube Right Click search.app */ = {isa = PBXFileReference; explicitFileType = wrapper.application; includeInIndex = 0; path = "Youtube Right Click search.app"; sourceTree = BUILT_PRODUCTS_DIR; };
		3B719E4228D6460400EC6E87 /* AppDelegate.swift */ = {isa = PBXFileReference; lastKnownFileType = sourcecode.swift; path = AppDelegate.swift; sourceTree = "<group>"; };
		3B719E4428D6460400EC6E87 /* SceneDelegate.swift */ = {isa = PBXFileReference; lastKnownFileType = sourcecode.swift; path = SceneDelegate.swift; sourceTree = "<group>"; };
		3B719E4728D6460400EC6E87 /* Base */ = {isa = PBXFileReference; lastKnownFileType = file.storyboard; name = Base; path = Base.lproj/LaunchScreen.storyboard; sourceTree = "<group>"; };
		3B719E4A28D6460400EC6E87 /* Base */ = {isa = PBXFileReference; lastKnownFileType = file.storyboard; name = Base; path = Base.lproj/Main.storyboard; sourceTree = "<group>"; };
		3B719E4C28D6460400EC6E87 /* Info.plist */ = {isa = PBXFileReference; lastKnownFileType = text.plist.xml; path = Info.plist; sourceTree = "<group>"; };
		3B719E5128D6460400EC6E87 /* Youtube Right Click search.app */ = {isa = PBXFileReference; explicitFileType = wrapper.application; includeInIndex = 0; path = "Youtube Right Click search.app"; sourceTree = BUILT_PRODUCTS_DIR; };
		3B719E5328D6460400EC6E87 /* AppDelegate.swift */ = {isa = PBXFileReference; lastKnownFileType = sourcecode.swift; path = AppDelegate.swift; sourceTree = "<group>"; };
		3B719E5628D6460400EC6E87 /* Base */ = {isa = PBXFileReference; lastKnownFileType = file.storyboard; name = Base; path = Base.lproj/Main.storyboard; sourceTree = "<group>"; };
		3B719E5828D6460400EC6E87 /* Info.plist */ = {isa = PBXFileReference; lastKnownFileType = text.plist.xml; path = Info.plist; sourceTree = "<group>"; };
		3B719E5928D6460400EC6E87 /* Youtube Right Click search.entitlements */ = {isa = PBXFileReference; lastKnownFileType = text.plist.entitlements; path = "Youtube Right Click search.entitlements"; sourceTree = "<group>"; };
		3B719E5E28D6460400EC6E87 /* Youtube Right Click search Extension.appex */ = {isa = PBXFileReference; explicitFileType = "wrapper.app-extension"; includeInIndex = 0; path = "Youtube Right Click search Extension.appex"; sourceTree = BUILT_PRODUCTS_DIR; };
		3B719E6328D6460400EC6E87 /* Info.plist */ = {isa = PBXFileReference; lastKnownFileType = text.plist.xml; path = Info.plist; sourceTree = "<group>"; };
		3B719E6828D6460400EC6E87 /* Youtube Right Click search Extension.appex */ = {isa = PBXFileReference; explicitFileType = "wrapper.app-extension"; includeInIndex = 0; path = "Youtube Right Click search Extension.appex"; sourceTree = BUILT_PRODUCTS_DIR; };
		3B719E6D28D6460400EC6E87 /* Info.plist */ = {isa = PBXFileReference; lastKnownFileType = text.plist.xml; path = Info.plist; sourceTree = "<group>"; };
		3B719E6E28D6460400EC6E87 /* Youtube Right Click search.entitlements */ = {isa = PBXFileReference; lastKnownFileType = text.plist.entitlements; path = "Youtube Right Click search.entitlements"; sourceTree = "<group>"; };
		3B719E8E28D6460400EC6E87 /* jsconfig.json */ = {isa = PBXFileReference; lastKnownFileType = text.json; name = jsconfig.json; path = ../../FirstExt/jsconfig.json; sourceTree = "<group>"; };
		3B719E8F28D6460400EC6E87 /* popup */ = {isa = PBXFileReference; lastKnownFileType = folder; name = popup; path = ../../FirstExt/popup; sourceTree = "<group>"; };
		3B719E9028D6460400EC6E87 /* background.js */ = {isa = PBXFileReference; lastKnownFileType = sourcecode.javascript; name = background.js; path = ../../FirstExt/background.js; sourceTree = "<group>"; };
		3B719E9128D6460400EC6E87 /* images */ = {isa = PBXFileReference; lastKnownFileType = folder; name = images; path = ../../FirstExt/images; sourceTree = "<group>"; };
		3B719E9228D6460400EC6E87 /* icons */ = {isa = PBXFileReference; lastKnownFileType = folder; name = icons; path = ../../FirstExt/icons; sourceTree = "<group>"; };
		3B719E9328D6460400EC6E87 /* manifest.json */ = {isa = PBXFileReference; lastKnownFileType = text.json; name = manifest.json; path = ../../FirstExt/manifest.json; sourceTree = "<group>"; };
/* End PBXFileReference section */

/* Begin PBXFrameworksBuildPhase section */
		3B719E3C28D6460400EC6E87 /* Frameworks */ = {
			isa = PBXFrameworksBuildPhase;
			buildActionMask = 2147483647;
			files = (
			);
			runOnlyForDeploymentPostprocessing = 0;
		};
		3B719E4E28D6460400EC6E87 /* Frameworks */ = {
			isa = PBXFrameworksBuildPhase;
			buildActionMask = 2147483647;
			files = (
			);
			runOnlyForDeploymentPostprocessing = 0;
		};
		3B719E5B28D6460400EC6E87 /* Frameworks */ = {
			isa = PBXFrameworksBuildPhase;
			buildActionMask = 2147483647;
			files = (
			);
			runOnlyForDeploymentPostprocessing = 0;
		};
		3B719E6528D6460400EC6E87 /* Frameworks */ = {
			isa = PBXFrameworksBuildPhase;
			buildActionMask = 2147483647;
			files = (
			);
			runOnlyForDeploymentPostprocessing = 0;
		};
/* End PBXFrameworksBuildPhase section */

/* Begin PBXGroup section */
		3B719E2B28D6460300EC6E87 = {
			isa = PBXGroup;
			children = (
				3B719E3028D6460300EC6E87 /* Shared (App) */,
				3B719E3928D6460400EC6E87 /* Shared (Extension) */,
				3B719E4128D6460400EC6E87 /* iOS (App) */,
				3B719E5228D6460400EC6E87 /* macOS (App) */,
				3B719E6228D6460400EC6E87 /* iOS (Extension) */,
				3B719E6C28D6460400EC6E87 /* macOS (Extension) */,
				3B719E4028D6460400EC6E87 /* Products */,
			);
			sourceTree = "<group>";
		};
		3B719E3028D6460300EC6E87 /* Shared (App) */ = {
			isa = PBXGroup;
			children = (
				3B719E3728D6460300EC6E87 /* ViewController.swift */,
				3B719E3828D6460400EC6E87 /* Assets.xcassets */,
				3B719E3128D6460300EC6E87 /* Resources */,
			);
			path = "Shared (App)";
			sourceTree = "<group>";
		};
		3B719E3128D6460300EC6E87 /* Resources */ = {
			isa = PBXGroup;
			children = (
				3B719E3228D6460300EC6E87 /* Main.html */,
				3B719E3428D6460300EC6E87 /* Icon.png */,
				3B719E3528D6460300EC6E87 /* Style.css */,
				3B719E3628D6460300EC6E87 /* Script.js */,
			);
			path = Resources;
			sourceTree = "<group>";
		};
		3B719E3928D6460400EC6E87 /* Shared (Extension) */ = {
			isa = PBXGroup;
			children = (
				3B719E8D28D6460400EC6E87 /* Resources */,
				3B719E3A28D6460400EC6E87 /* SafariWebExtensionHandler.swift */,
			);
			path = "Shared (Extension)";
			sourceTree = "<group>";
		};
		3B719E4028D6460400EC6E87 /* Products */ = {
			isa = PBXGroup;
			children = (
				3B719E3F28D6460400EC6E87 /* Youtube Right Click search.app */,
				3B719E5128D6460400EC6E87 /* Youtube Right Click search.app */,
				3B719E5E28D6460400EC6E87 /* Youtube Right Click search Extension.appex */,
				3B719E6828D6460400EC6E87 /* Youtube Right Click search Extension.appex */,
			);
			name = Products;
			sourceTree = "<group>";
		};
		3B719E4128D6460400EC6E87 /* iOS (App) */ = {
			isa = PBXGroup;
			children = (
				3B719E4228D6460400EC6E87 /* AppDelegate.swift */,
				3B719E4428D6460400EC6E87 /* SceneDelegate.swift */,
				3B719E4628D6460400EC6E87 /* LaunchScreen.storyboard */,
				3B719E4928D6460400EC6E87 /* Main.storyboard */,
				3B719E4C28D6460400EC6E87 /* Info.plist */,
			);
			path = "iOS (App)";
			sourceTree = "<group>";
		};
		3B719E5228D6460400EC6E87 /* macOS (App) */ = {
			isa = PBXGroup;
			children = (
				3B719E5328D6460400EC6E87 /* AppDelegate.swift */,
				3B719E5528D6460400EC6E87 /* Main.storyboard */,
				3B719E5828D6460400EC6E87 /* Info.plist */,
				3B719E5928D6460400EC6E87 /* Youtube Right Click search.entitlements */,
			);
			path = "macOS (App)";
			sourceTree = "<group>";
		};
		3B719E6228D6460400EC6E87 /* iOS (Extension) */ = {
			isa = PBXGroup;
			children = (
				3B719E6328D6460400EC6E87 /* Info.plist */,
			);
			path = "iOS (Extension)";
			sourceTree = "<group>";
		};
		3B719E6C28D6460400EC6E87 /* macOS (Extension) */ = {
			isa = PBXGroup;
			children = (
				3B719E6D28D6460400EC6E87 /* Info.plist */,
				3B719E6E28D6460400EC6E87 /* Youtube Right Click search.entitlements */,
			);
			path = "macOS (Extension)";
			sourceTree = "<group>";
		};
		3B719E8D28D6460400EC6E87 /* Resources */ = {
			isa = PBXGroup;
			children = (
				3B719E8E28D6460400EC6E87 /* jsconfig.json */,
				3B719E8F28D6460400EC6E87 /* popup */,
				3B719E9028D6460400EC6E87 /* background.js */,
				3B719E9128D6460400EC6E87 /* images */,
				3B719E9228D6460400EC6E87 /* icons */,
				3B719E9328D6460400EC6E87 /* manifest.json */,
			);
			name = Resources;
			path = "Shared (Extension)";
			sourceTree = SOURCE_ROOT;
		};
/* End PBXGroup section */

/* Begin PBXNativeTarget section */
		3B719E3E28D6460400EC6E87 /* Youtube Right Click search (iOS) */ = {
			isa = PBXNativeTarget;
			buildConfigurationList = 3B719E8328D6460400EC6E87 /* Build configuration list for PBXNativeTarget "Youtube Right Click search (iOS)" */;
			buildPhases = (
				3B719E3B28D6460400EC6E87 /* Sources */,
				3B719E3C28D6460400EC6E87 /* Frameworks */,
				3B719E3D28D6460400EC6E87 /* Resources */,
				3B719E8228D6460400EC6E87 /* Embed Foundation Extensions */,
			);
			buildRules = (
			);
			dependencies = (
				3B719E6128D6460400EC6E87 /* PBXTargetDependency */,
			);
			name = "Youtube Right Click search (iOS)";
			productName = "Youtube Right Click search (iOS)";
			productReference = 3B719E3F28D6460400EC6E87 /* Youtube Right Click search.app */;
			productType = "com.apple.product-type.application";
		};
		3B719E5028D6460400EC6E87 /* Youtube Right Click search (macOS) */ = {
			isa = PBXNativeTarget;
			buildConfigurationList = 3B719E8A28D6460400EC6E87 /* Build configuration list for PBXNativeTarget "Youtube Right Click search (macOS)" */;
			buildPhases = (
				3B719E4D28D6460400EC6E87 /* Sources */,
				3B719E4E28D6460400EC6E87 /* Frameworks */,
				3B719E4F28D6460400EC6E87 /* Resources */,
				3B719E8928D6460400EC6E87 /* Embed Foundation Extensions */,
			);
			buildRules = (
			);
			dependencies = (
				3B719E6B28D6460400EC6E87 /* PBXTargetDependency */,
			);
			name = "Youtube Right Click search (macOS)";
			productName = "Youtube Right Click search (macOS)";
			productReference = 3B719E5128D6460400EC6E87 /* Youtube Right Click search.app */;
			productType = "com.apple.product-type.application";
		};
		3B719E5D28D6460400EC6E87 /* Youtube Right Click search Extension (iOS) */ = {
			isa = PBXNativeTarget;
			buildConfigurationList = 3B719E7F28D6460400EC6E87 /* Build configuration list for PBXNativeTarget "Youtube Right Click search Extension (iOS)" */;
			buildPhases = (
				3B719E5A28D6460400EC6E87 /* Sources */,
				3B719E5B28D6460400EC6E87 /* Frameworks */,
				3B719E5C28D6460400EC6E87 /* Resources */,
			);
			buildRules = (
			);
			dependencies = (
			);
			name = "Youtube Right Click search Extension (iOS)";
			productName = "Youtube Right Click search Extension (iOS)";
			productReference = 3B719E5E28D6460400EC6E87 /* Youtube Right Click search Extension.appex */;
			productType = "com.apple.product-type.app-extension";
		};
		3B719E6728D6460400EC6E87 /* Youtube Right Click search Extension (macOS) */ = {
			isa = PBXNativeTarget;
			buildConfigurationList = 3B719E8628D6460400EC6E87 /* Build configuration list for PBXNativeTarget "Youtube Right Click search Extension (macOS)" */;
			buildPhases = (
				3B719E6428D6460400EC6E87 /* Sources */,
				3B719E6528D6460400EC6E87 /* Frameworks */,
				3B719E6628D6460400EC6E87 /* Resources */,
			);
			buildRules = (
			);
			dependencies = (
			);
			name = "Youtube Right Click search Extension (macOS)";
			productName = "Youtube Right Click search Extension (macOS)";
			productReference = 3B719E6828D6460400EC6E87 /* Youtube Right Click search Extension.appex */;
			productType = "com.apple.product-type.app-extension";
		};
/* End PBXNativeTarget section */

/* Begin PBXProject section */
		3B719E2C28D6460300EC6E87 /* Project object */ = {
			isa = PBXProject;
			attributes = {
				BuildIndependentTargetsInParallel = 1;
				LastSwiftUpdateCheck = 1400;
				LastUpgradeCheck = 1400;
				TargetAttributes = {
					3B719E3E28D6460400EC6E87 = {
						CreatedOnToolsVersion = 14.0;
					};
					3B719E5028D6460400EC6E87 = {
						CreatedOnToolsVersion = 14.0;
					};
					3B719E5D28D6460400EC6E87 = {
						CreatedOnToolsVersion = 14.0;
					};
					3B719E6728D6460400EC6E87 = {
						CreatedOnToolsVersion = 14.0;
					};
				};
			};
			buildConfigurationList = 3B719E2F28D6460300EC6E87 /* Build configuration list for PBXProject "Youtube Right Click search" */;
			compatibilityVersion = "Xcode 14.0";
			developmentRegion = en;
			hasScannedForEncodings = 0;
			knownRegions = (
				en,
				Base,
			);
			mainGroup = 3B719E2B28D6460300EC6E87;
			productRefGroup = 3B719E4028D6460400EC6E87 /* Products */;
			projectDirPath = "";
			projectRoot = "";
			targets = (
				3B719E3E28D6460400EC6E87 /* Youtube Right Click search (iOS) */,
				3B719E5028D6460400EC6E87 /* Youtube Right Click search (macOS) */,
				3B719E5D28D6460400EC6E87 /* Youtube Right Click search Extension (iOS) */,
				3B719E6728D6460400EC6E87 /* Youtube Right Click search Extension (macOS) */,
			);
		};
/* End PBXProject section */

/* Begin PBXResourcesBuildPhase section */
		3B719E3D28D6460400EC6E87 /* Resources */ = {
			isa = PBXResourcesBuildPhase;
			buildActionMask = 2147483647;
			files = (
				3B719E7128D6460400EC6E87 /* Icon.png in Resources */,
				3B719E4828D6460400EC6E87 /* LaunchScreen.storyboard in Resources */,
				3B719E6F28D6460400EC6E87 /* Main.html in Resources */,
				3B719E7528D6460400EC6E87 /* Script.js in Resources */,
				3B719E7928D6460400EC6E87 /* Assets.xcassets in Resources */,
				3B719E4B28D6460400EC6E87 /* Main.storyboard in Resources */,
				3B719E7328D6460400EC6E87 /* Style.css in Resources */,
			);
			runOnlyForDeploymentPostprocessing = 0;
		};
		3B719E4F28D6460400EC6E87 /* Resources */ = {
			isa = PBXResourcesBuildPhase;
			buildActionMask = 2147483647;
			files = (
				3B719E7228D6460400EC6E87 /* Icon.png in Resources */,
				3B719E7428D6460400EC6E87 /* Style.css in Resources */,
				3B719E5728D6460400EC6E87 /* Main.storyboard in Resources */,
				3B719E7628D6460400EC6E87 /* Script.js in Resources */,
				3B719E7A28D6460400EC6E87 /* Assets.xcassets in Resources */,
				3B719E7028D6460400EC6E87 /* Main.html in Resources */,
			);
			runOnlyForDeploymentPostprocessing = 0;
		};
		3B719E5C28D6460400EC6E87 /* Resources */ = {
			isa = PBXResourcesBuildPhase;
			buildActionMask = 2147483647;
			files = (
				3B719E9D28D6460400EC6E87 /* images in Resources */,
				3B719E9A28D6460400EC6E87 /* jsconfig.json in Resources */,
				3B719E9C28D6460400EC6E87 /* background.js in Resources */,
				3B719E9E28D6460400EC6E87 /* icons in Resources */,
				3B719E9F28D6460400EC6E87 /* manifest.json in Resources */,
				3B719E9B28D6460400EC6E87 /* popup in Resources */,
			);
			runOnlyForDeploymentPostprocessing = 0;
		};
		3B719E6628D6460400EC6E87 /* Resources */ = {
			isa = PBXResourcesBuildPhase;
			buildActionMask = 2147483647;
			files = (
				3B719E9728D6460400EC6E87 /* images in Resources */,
				3B719E9428D6460400EC6E87 /* jsconfig.json in Resources */,
				3B719E9628D6460400EC6E87 /* background.js in Resources */,
				3B719E9828D6460400EC6E87 /* icons in Resources */,
				3B719E9928D6460400EC6E87 /* manifest.json in Resources */,
				3B719E9528D6460400EC6E87 /* popup in Resources */,
			);
			runOnlyForDeploymentPostprocessing = 0;
		};
/* End PBXResourcesBuildPhase section */

/* Begin PBXSourcesBuildPhase section */
		3B719E3B28D6460400EC6E87 /* Sources */ = {
			isa = PBXSourcesBuildPhase;
			buildActionMask = 2147483647;
			files = (
				3B719E7728D6460400EC6E87 /* ViewController.swift in Sources */,
				3B719E4328D6460400EC6E87 /* AppDelegate.swift in Sources */,
				3B719E4528D6460400EC6E87 /* SceneDelegate.swift in Sources */,
			);
			runOnlyForDeploymentPostprocessing = 0;
		};
		3B719E4D28D6460400EC6E87 /* Sources */ = {
			isa = PBXSourcesBuildPhase;
			buildActionMask = 2147483647;
			files = (
				3B719E7828D6460400EC6E87 /* ViewController.swift in Sources */,
				3B719E5428D6460400EC6E87 /* AppDelegate.swift in Sources */,
			);
			runOnlyForDeploymentPostprocessing = 0;
		};
		3B719E5A28D6460400EC6E87 /* Sources */ = {
			isa = PBXSourcesBuildPhase;
			buildActionMask = 2147483647;
			files = (
				3B719E7B28D6460400EC6E87 /* SafariWebExtensionHandler.swift in Sources */,
			);
			runOnlyForDeploymentPostprocessing = 0;
		};
		3B719E6428D6460400EC6E87 /* Sources */ = {
			isa = PBXSourcesBuildPhase;
			buildActionMask = 2147483647;
			files = (
				3B719E7C28D6460400EC6E87 /* SafariWebExtensionHandler.swift in Sources */,
			);
			runOnlyForDeploymentPostprocessing = 0;
		};
/* End PBXSourcesBuildPhase section */

/* Begin PBXTargetDependency section */
		3B719E6128D6460400EC6E87 /* PBXTargetDependency */ = {
			isa = PBXTargetDependency;
			target = 3B719E5D28D6460400EC6E87 /* Youtube Right Click search Extension (iOS) */;
			targetProxy = 3B719E6028D6460400EC6E87 /* PBXContainerItemProxy */;
		};
		3B719E6B28D6460400EC6E87 /* PBXTargetDependency */ = {
			isa = PBXTargetDependency;
			target = 3B719E6728D6460400EC6E87 /* Youtube Right Click search Extension (macOS) */;
			targetProxy = 3B719E6A28D6460400EC6E87 /* PBXContainerItemProxy */;
		};
/* End PBXTargetDependency section */

/* Begin PBXVariantGroup section */
		3B719E3228D6460300EC6E87 /* Main.html */ = {
			isa = PBXVariantGroup;
			children = (
				3B719E3328D6460300EC6E87 /* Base */,
			);
			name = Main.html;
			sourceTree = "<group>";
		};
		3B719E4628D6460400EC6E87 /* LaunchScreen.storyboard */ = {
			isa = PBXVariantGroup;
			children = (
				3B719E4728D6460400EC6E87 /* Base */,
			);
			name = LaunchScreen.storyboard;
			sourceTree = "<group>";
		};
		3B719E4928D6460400EC6E87 /* Main.storyboard */ = {
			isa = PBXVariantGroup;
			children = (
				3B719E4A28D6460400EC6E87 /* Base */,
			);
			name = Main.storyboard;
			sourceTree = "<group>";
		};
		3B719E5528D6460400EC6E87 /* Main.storyboard */ = {
			isa = PBXVariantGroup;
			children = (
				3B719E5628D6460400EC6E87 /* Base */,
			);
			name = Main.storyboard;
			sourceTree = "<group>";
		};
/* End PBXVariantGroup section */

/* Begin XCBuildConfiguration section */
		3B719E7D28D6460400EC6E87 /* Debug */ = {
			isa = XCBuildConfiguration;
			buildSettings = {
				ALWAYS_SEARCH_USER_PATHS = NO;
				CLANG_ANALYZER_NONNULL = YES;
				CLANG_ANALYZER_NUMBER_OBJECT_CONVERSION = YES_AGGRESSIVE;
				CLANG_CXX_LANGUAGE_STANDARD = "gnu++20";
				CLANG_ENABLE_MODULES = YES;
				CLANG_ENABLE_OBJC_ARC = YES;
				CLANG_ENABLE_OBJC_WEAK = YES;
				CLANG_WARN_BLOCK_CAPTURE_AUTORELEASING = YES;
				CLANG_WARN_BOOL_CONVERSION = YES;
				CLANG_WARN_COMMA = YES;
				CLANG_WARN_CONSTANT_CONVERSION = YES;
				CLANG_WARN_DEPRECATED_OBJC_IMPLEMENTATIONS = YES;
				CLANG_WARN_DIRECT_OBJC_ISA_USAGE = YES_ERROR;
				CLANG_WARN_DOCUMENTATION_COMMENTS = YES;
				CLANG_WARN_EMPTY_BODY = YES;
				CLANG_WARN_ENUM_CONVERSION = YES;
				CLANG_WARN_INFINITE_RECURSION = YES;
				CLANG_WARN_INT_CONVERSION = YES;
				CLANG_WARN_NON_LITERAL_NULL_CONVERSION = YES;
				CLANG_WARN_OBJC_IMPLICIT_RETAIN_SELF = YES;
				CLANG_WARN_OBJC_LITERAL_CONVERSION = YES;
				CLANG_WARN_OBJC_ROOT_CLASS = YES_ERROR;
				CLANG_WARN_QUOTED_INCLUDE_IN_FRAMEWORK_HEADER = YES;
				CLANG_WARN_RANGE_LOOP_ANALYSIS = YES;
				CLANG_WARN_STRICT_PROTOTYPES = YES;
				CLANG_WARN_SUSPICIOUS_MOVE = YES;
				CLANG_WARN_UNGUARDED_AVAILABILITY = YES_AGGRESSIVE;
				CLANG_WARN_UNREACHABLE_CODE = YES;
				CLANG_WARN__DUPLICATE_METHOD_MATCH = YES;
				COPY_PHASE_STRIP = NO;
				DEBUG_INFORMATION_FORMAT = dwarf;
				ENABLE_STRICT_OBJC_MSGSEND = YES;
				ENABLE_TESTABILITY = YES;
				GCC_C_LANGUAGE_STANDARD = gnu11;
				GCC_DYNAMIC_NO_PIC = NO;
				GCC_NO_COMMON_BLOCKS = YES;
				GCC_OPTIMIZATION_LEVEL = 0;
				GCC_PREPROCESSOR_DEFINITIONS = (
					"DEBUG=1",
					"$(inherited)",
				);
				GCC_WARN_64_TO_32_BIT_CONVERSION = YES;
				GCC_WARN_ABOUT_RETURN_TYPE = YES_ERROR;
				GCC_WARN_UNDECLARED_SELECTOR = YES;
				GCC_WARN_UNINITIALIZED_AUTOS = YES_AGGRESSIVE;
				GCC_WARN_UNUSED_FUNCTION = YES;
				GCC_WARN_UNUSED_VARIABLE = YES;
				MTL_ENABLE_DEBUG_INFO = INCLUDE_SOURCE;
				MTL_FAST_MATH = YES;
				ONLY_ACTIVE_ARCH = YES;
				SWIFT_ACTIVE_COMPILATION_CONDITIONS = DEBUG;
				SWIFT_OPTIMIZATION_LEVEL = "-Onone";
			};
			name = Debug;
		};
		3B719E7E28D6460400EC6E87 /* Release */ = {
			isa = XCBuildConfiguration;
			buildSettings = {
				ALWAYS_SEARCH_USER_PATHS = NO;
				CLANG_ANALYZER_NONNULL = YES;
				CLANG_ANALYZER_NUMBER_OBJECT_CONVERSION = YES_AGGRESSIVE;
				CLANG_CXX_LANGUAGE_STANDARD = "gnu++20";
				CLANG_ENABLE_MODULES = YES;
				CLANG_ENABLE_OBJC_ARC = YES;
				CLANG_ENABLE_OBJC_WEAK = YES;
				CLANG_WARN_BLOCK_CAPTURE_AUTORELEASING = YES;
				CLANG_WARN_BOOL_CONVERSION = YES;
				CLANG_WARN_COMMA = YES;
				CLANG_WARN_CONSTANT_CONVERSION = YES;
				CLANG_WARN_DEPRECATED_OBJC_IMPLEMENTATIONS = YES;
				CLANG_WARN_DIRECT_OBJC_ISA_USAGE = YES_ERROR;
				CLANG_WARN_DOCUMENTATION_COMMENTS = YES;
				CLANG_WARN_EMPTY_BODY = YES;
				CLANG_WARN_ENUM_CONVERSION = YES;
				CLANG_WARN_INFINITE_RECURSION = YES;
				CLANG_WARN_INT_CONVERSION = YES;
				CLANG_WARN_NON_LITERAL_NULL_CONVERSION = YES;
				CLANG_WARN_OBJC_IMPLICIT_RETAIN_SELF = YES;
				CLANG_WARN_OBJC_LITERAL_CONVERSION = YES;
				CLANG_WARN_OBJC_ROOT_CLASS = YES_ERROR;
				CLANG_WARN_QUOTED_INCLUDE_IN_FRAMEWORK_HEADER = YES;
				CLANG_WARN_RANGE_LOOP_ANALYSIS = YES;
				CLANG_WARN_STRICT_PROTOTYPES = YES;
				CLANG_WARN_SUSPICIOUS_MOVE = YES;
				CLANG_WARN_UNGUARDED_AVAILABILITY = YES_AGGRESSIVE;
				CLANG_WARN_UNREACHABLE_CODE = YES;
				CLANG_WARN__DUPLICATE_METHOD_MATCH = YES;
				COPY_PHASE_STRIP = NO;
				DEBUG_INFORMATION_FORMAT = "dwarf-with-dsym";
				ENABLE_NS_ASSERTIONS = NO;
				ENABLE_STRICT_OBJC_MSGSEND = YES;
				GCC_C_LANGUAGE_STANDARD = gnu11;
				GCC_NO_COMMON_BLOCKS = YES;
				GCC_WARN_64_TO_32_BIT_CONVERSION = YES;
				GCC_WARN_ABOUT_RETURN_TYPE = YES_ERROR;
				GCC_WARN_UNDECLARED_SELECTOR = YES;
				GCC_WARN_UNINITIALIZED_AUTOS = YES_AGGRESSIVE;
				GCC_WARN_UNUSED_FUNCTION = YES;
				GCC_WARN_UNUSED_VARIABLE = YES;
				MTL_ENABLE_DEBUG_INFO = NO;
				MTL_FAST_MATH = YES;
				SWIFT_COMPILATION_MODE = wholemodule;
				SWIFT_OPTIMIZATION_LEVEL = "-O";
			};
			name = Release;
		};
		3B719E8028D6460400EC6E87 /* Debug */ = {
			isa = XCBuildConfiguration;
			buildSettings = {
				CODE_SIGN_STYLE = Automatic;
				CURRENT_PROJECT_VERSION = 1;
				GENERATE_INFOPLIST_FILE = YES;
				INFOPLIST_FILE = "iOS (Extension)/Info.plist";
				INFOPLIST_KEY_CFBundleDisplayName = "Youtube Right Click search Extension";
				INFOPLIST_KEY_NSHumanReadableCopyright = "";
				IPHONEOS_DEPLOYMENT_TARGET = 15.0;
				LD_RUNPATH_SEARCH_PATHS = (
					"$(inherited)",
					"@executable_path/Frameworks",
					"@executable_path/../../Frameworks",
				);
				MARKETING_VERSION = 1.0;
				OTHER_LDFLAGS = (
					"-framework",
					SafariServices,
				);
				PRODUCT_BUNDLE_IDENTIFIER = "com.yourCompany.Youtube-Right-Click-search.Extension";
				PRODUCT_NAME = "Youtube Right Click search Extension";
				SDKROOT = iphoneos;
				SKIP_INSTALL = YES;
				SWIFT_EMIT_LOC_STRINGS = YES;
				SWIFT_VERSION = 5.0;
				TARGETED_DEVICE_FAMILY = "1,2";
			};
			name = Debug;
		};
		3B719E8128D6460400EC6E87 /* Release */ = {
			isa = XCBuildConfiguration;
			buildSettings = {
				CODE_SIGN_STYLE = Automatic;
				CURRENT_PROJECT_VERSION = 1;
				GENERATE_INFOPLIST_FILE = YES;
				INFOPLIST_FILE = "iOS (Extension)/Info.plist";
				INFOPLIST_KEY_CFBundleDisplayName = "Youtube Right Click search Extension";
				INFOPLIST_KEY_NSHumanReadableCopyright = "";
				IPHONEOS_DEPLOYMENT_TARGET = 15.0;
				LD_RUNPATH_SEARCH_PATHS = (
					"$(inherited)",
					"@executable_path/Frameworks",
					"@executable_path/../../Frameworks",
				);
				MARKETING_VERSION = 1.0;
				OTHER_LDFLAGS = (
					"-framework",
					SafariServices,
				);
				PRODUCT_BUNDLE_IDENTIFIER = "com.yourCompany.Youtube-Right-Click-search.Extension";
				PRODUCT_NAME = "Youtube Right Click search Extension";
				SDKROOT = iphoneos;
				SKIP_INSTALL = YES;
				SWIFT_EMIT_LOC_STRINGS = YES;
				SWIFT_VERSION = 5.0;
				TARGETED_DEVICE_FAMILY = "1,2";
				VALIDATE_PRODUCT = YES;
			};
			name = Release;
		};
		3B719E8428D6460400EC6E87 /* Debug */ = {
			isa = XCBuildConfiguration;
			buildSettings = {
				ALWAYS_EMBED_SWIFT_STANDARD_LIBRARIES = YES;
				ASSETCATALOG_COMPILER_APPICON_NAME = AppIcon;
				ASSETCATALOG_COMPILER_GLOBAL_ACCENT_COLOR_NAME = AccentColor;
				CODE_SIGN_STYLE = Automatic;
				CURRENT_PROJECT_VERSION = 1;
				GENERATE_INFOPLIST_FILE = YES;
				INFOPLIST_FILE = "iOS (App)/Info.plist";
				INFOPLIST_KEY_CFBundleDisplayName = "Youtube Right Click search";
				INFOPLIST_KEY_UIApplicationSupportsIndirectInputEvents = YES;
				INFOPLIST_KEY_UILaunchStoryboardName = LaunchScreen;
				INFOPLIST_KEY_UIMainStoryboardFile = Main;
				INFOPLIST_KEY_UISupportedInterfaceOrientations = "UIInterfaceOrientationPortrait UIInterfaceOrientationLandscapeLeft UIInterfaceOrientationLandscapeRight";
				INFOPLIST_KEY_UISupportedInterfaceOrientations_iPad = "UIInterfaceOrientationPortrait UIInterfaceOrientationPortraitUpsideDown UIInterfaceOrientationLandscapeLeft UIInterfaceOrientationLandscapeRight";
				IPHONEOS_DEPLOYMENT_TARGET = 15.0;
				LD_RUNPATH_SEARCH_PATHS = (
					"$(inherited)",
					"@executable_path/Frameworks",
				);
				MARKETING_VERSION = 1.0;
				OTHER_LDFLAGS = (
					"-framework",
					SafariServices,
					"-framework",
					WebKit,
				);
				PRODUCT_BUNDLE_IDENTIFIER = "com.yourCompany.Youtube-Right-Click-search";
				PRODUCT_NAME = "Youtube Right Click search";
				SDKROOT = iphoneos;
				SWIFT_EMIT_LOC_STRINGS = YES;
				SWIFT_VERSION = 5.0;
				TARGETED_DEVICE_FAMILY = "1,2";
			};
			name = Debug;
		};
		3B719E8528D6460400EC6E87 /* Release */ = {
			isa = XCBuildConfiguration;
			buildSettings = {
				ALWAYS_EMBED_SWIFT_STANDARD_LIBRARIES = YES;
				ASSETCATALOG_COMPILER_APPICON_NAME = AppIcon;
				ASSETCATALOG_COMPILER_GLOBAL_ACCENT_COLOR_NAME = AccentColor;
				CODE_SIGN_STYLE = Automatic;
				CURRENT_PROJECT_VERSION = 1;
				GENERATE_INFOPLIST_FILE = YES;
				INFOPLIST_FILE = "iOS (App)/Info.plist";
				INFOPLIST_KEY_CFBundleDisplayName = "Youtube Right Click search";
				INFOPLIST_KEY_UIApplicationSupportsIndirectInputEvents = YES;
				INFOPLIST_KEY_UILaunchStoryboardName = LaunchScreen;
				INFOPLIST_KEY_UIMainStoryboardFile = Main;
				INFOPLIST_KEY_UISupportedInterfaceOrientations = "UIInterfaceOrientationPortrait UIInterfaceOrientationLandscapeLeft UIInterfaceOrientationLandscapeRight";
				INFOPLIST_KEY_UISupportedInterfaceOrientations_iPad = "UIInterfaceOrientationPortrait UIInterfaceOrientationPortraitUpsideDown UIInterfaceOrientationLandscapeLeft UIInterfaceOrientationLandscapeRight";
				IPHONEOS_DEPLOYMENT_TARGET = 15.0;
				LD_RUNPATH_SEARCH_PATHS = (
					"$(inherited)",
					"@executable_path/Frameworks",
				);
				MARKETING_VERSION = 1.0;
				OTHER_LDFLAGS = (
					"-framework",
					SafariServices,
					"-framework",
					WebKit,
				);
				PRODUCT_BUNDLE_IDENTIFIER = "com.yourCompany.Youtube-Right-Click-search";
				PRODUCT_NAME = "Youtube Right Click search";
				SDKROOT = iphoneos;
				SWIFT_EMIT_LOC_STRINGS = YES;
				SWIFT_VERSION = 5.0;
				TARGETED_DEVICE_FAMILY = "1,2";
				VALIDATE_PRODUCT = YES;
			};
			name = Release;
		};
		3B719E8728D6460400EC6E87 /* Debug */ = {
			isa = XCBuildConfiguration;
			buildSettings = {
				CODE_SIGN_ENTITLEMENTS = "macOS (Extension)/Youtube Right Click search.entitlements";
				CODE_SIGN_STYLE = Automatic;
				CURRENT_PROJECT_VERSION = 1;
				ENABLE_HARDENED_RUNTIME = YES;
				GENERATE_INFOPLIST_FILE = YES;
				INFOPLIST_FILE = "macOS (Extension)/Info.plist";
				INFOPLIST_KEY_CFBundleDisplayName = "Youtube Right Click search Extension";
				INFOPLIST_KEY_NSHumanReadableCopyright = "";
				LD_RUNPATH_SEARCH_PATHS = (
					"$(inherited)",
					"@executable_path/../Frameworks",
					"@executable_path/../../../../Frameworks",
				);
				MACOSX_DEPLOYMENT_TARGET = 10.14;
				MARKETING_VERSION = 1.0;
				OTHER_LDFLAGS = (
					"-framework",
					SafariServices,
				);
				PRODUCT_BUNDLE_IDENTIFIER = "com.yourCompany.Youtube-Right-Click-search.Extension";
				PRODUCT_NAME = "Youtube Right Click search Extension";
				SDKROOT = macosx;
				SKIP_INSTALL = YES;
				SWIFT_EMIT_LOC_STRINGS = YES;
				SWIFT_VERSION = 5.0;
			};
			name = Debug;
		};
		3B719E8828D6460400EC6E87 /* Release */ = {
			isa = XCBuildConfiguration;
			buildSettings = {
				CODE_SIGN_ENTITLEMENTS = "macOS (Extension)/Youtube Right Click search.entitlements";
				CODE_SIGN_STYLE = Automatic;
				CURRENT_PROJECT_VERSION = 1;
				ENABLE_HARDENED_RUNTIME = YES;
				GENERATE_INFOPLIST_FILE = YES;
				INFOPLIST_FILE = "macOS (Extension)/Info.plist";
				INFOPLIST_KEY_CFBundleDisplayName = "Youtube Right Click search Extension";
				INFOPLIST_KEY_NSHumanReadableCopyright = "";
				LD_RUNPATH_SEARCH_PATHS = (
					"$(inherited)",
					"@executable_path/../Frameworks",
					"@executable_path/../../../../Frameworks",
				);
				MACOSX_DEPLOYMENT_TARGET = 10.14;
				MARKETING_VERSION = 1.0;
				OTHER_LDFLAGS = (
					"-framework",
					SafariServices,
				);
				PRODUCT_BUNDLE_IDENTIFIER = "com.yourCompany.Youtube-Right-Click-search.Extension";
				PRODUCT_NAME = "Youtube Right Click search Extension";
				SDKROOT = macosx;
				SKIP_INSTALL = YES;
				SWIFT_EMIT_LOC_STRINGS = YES;
				SWIFT_VERSION = 5.0;
			};
			name = Release;
		};
		3B719E8B28D6460400EC6E87 /* Debug */ = {
			isa = XCBuildConfiguration;
			buildSettings = {
				ALWAYS_EMBED_SWIFT_STANDARD_LIBRARIES = YES;
				ASSETCATALOG_COMPILER_APPICON_NAME = AppIcon;
				ASSETCATALOG_COMPILER_GLOBAL_ACCENT_COLOR_NAME = AccentColor;
				CODE_SIGN_ENTITLEMENTS = "macOS (App)/Youtube Right Click search.entitlements";
				CODE_SIGN_STYLE = Automatic;
				CURRENT_PROJECT_VERSION = 1;
				ENABLE_HARDENED_RUNTIME = YES;
				GENERATE_INFOPLIST_FILE = YES;
				INFOPLIST_FILE = "macOS (App)/Info.plist";
				INFOPLIST_KEY_CFBundleDisplayName = "Youtube Right Click search";
				INFOPLIST_KEY_NSMainStoryboardFile = Main;
				INFOPLIST_KEY_NSPrincipalClass = NSApplication;
				LD_RUNPATH_SEARCH_PATHS = (
					"$(inherited)",
					"@executable_path/../Frameworks",
				);
				MACOSX_DEPLOYMENT_TARGET = 10.14;
				MARKETING_VERSION = 1.0;
				OTHER_LDFLAGS = (
					"-framework",
					SafariServices,
					"-framework",
					WebKit,
				);
				PRODUCT_BUNDLE_IDENTIFIER = "com.yourCompany.Youtube-Right-Click-search";
				PRODUCT_NAME = "Youtube Right Click search";
				SDKROOT = macosx;
				SWIFT_EMIT_LOC_STRINGS = YES;
				SWIFT_VERSION = 5.0;
			};
			name = Debug;
		};
		3B719E8C28D6460400EC6E87 /* Release */ = {
			isa = XCBuildConfiguration;
			buildSettings = {
				ALWAYS_EMBED_SWIFT_STANDARD_LIBRARIES = YES;
				ASSETCATALOG_COMPILER_APPICON_NAME = AppIcon;
				ASSETCATALOG_COMPILER_GLOBAL_ACCENT_COLOR_NAME = AccentColor;
				CODE_SIGN_ENTITLEMENTS = "macOS (App)/Youtube Right Click search.entitlements";
				CODE_SIGN_STYLE = Automatic;
				CURRENT_PROJECT_VERSION = 1;
				ENABLE_HARDENED_RUNTIME = YES;
				GENERATE_INFOPLIST_FILE = YES;
				INFOPLIST_FILE = "macOS (App)/Info.plist";
				INFOPLIST_KEY_CFBundleDisplayName = "Youtube Right Click search";
				INFOPLIST_KEY_NSMainStoryboardFile = Main;
				INFOPLIST_KEY_NSPrincipalClass = NSApplication;
				LD_RUNPATH_SEARCH_PATHS = (
					"$(inherited)",
					"@executable_path/../Frameworks",
				);
				MACOSX_DEPLOYMENT_TARGET = 10.14;
				MARKETING_VERSION = 1.0;
				OTHER_LDFLAGS = (
					"-framework",
					SafariServices,
					"-framework",
					WebKit,
				);
				PRODUCT_BUNDLE_IDENTIFIER = "com.yourCompany.Youtube-Right-Click-search";
				PRODUCT_NAME = "Youtube Right Click search";
				SDKROOT = macosx;
				SWIFT_EMIT_LOC_STRINGS = YES;
				SWIFT_VERSION = 5.0;
			};
			name = Release;
		};
/* End XCBuildConfiguration section */

/* Begin XCConfigurationList section */
		3B719E2F28D6460300EC6E87 /* Build configuration list for PBXProject "Youtube Right Click search" */ = {
			isa = XCConfigurationList;
			buildConfigurations = (
				3B719E7D28D6460400EC6E87 /* Debug */,
				3B719E7E28D6460400EC6E87 /* Release */,
			);
			defaultConfigurationIsVisible = 0;
			defaultConfigurationName = Release;
		};
		3B719E7F28D6460400EC6E87 /* Build configuration list for PBXNativeTarget "Youtube Right Click search Extension (iOS)" */ = {
			isa = XCConfigurationList;
			buildConfigurations = (
				3B719E8028D6460400EC6E87 /* Debug */,
				3B719E8128D6460400EC6E87 /* Release */,
			);
			defaultConfigurationIsVisible = 0;
			defaultConfigurationName = Release;
		};
		3B719E8328D6460400EC6E87 /* Build configuration list for PBXNativeTarget "Youtube Right Click search (iOS)" */ = {
			isa = XCConfigurationList;
			buildConfigurations = (
				3B719E8428D6460400EC6E87 /* Debug */,
				3B719E8528D6460400EC6E87 /* Release */,
			);
			defaultConfigurationIsVisible = 0;
			defaultConfigurationName = Release;
		};
		3B719E8628D6460400EC6E87 /* Build configuration list for PBXNativeTarget "Youtube Right Click search Extension (macOS)" */ = {
			isa = XCConfigurationList;
			buildConfigurations = (
				3B719E8728D6460400EC6E87 /* Debug */,
				3B719E8828D6460400EC6E87 /* Release */,
			);
			defaultConfigurationIsVisible = 0;
			defaultConfigurationName = Release;
		};
		3B719E8A28D6460400EC6E87 /* Build configuration list for PBXNativeTarget "Youtube Right Click search (macOS)" */ = {
			isa = XCConfigurationList;
			buildConfigurations = (
				3B719E8B28D6460400EC6E87 /* Debug */,
				3B719E8C28D6460400EC6E87 /* Release */,
			);
			defaultConfigurationIsVisible = 0;
			defaultConfigurationName = Release;
		};
/* End XCConfigurationList section */
	};
	rootObject = 3B719E2C28D6460300EC6E87 /* Project object */;
}
